# This file is automatically @generated by Cargo.
# It is not intended for manual editing.
[[package]]
name = "number_conv"
version = "0.1.7"
source = "git+https://github.com/MwlLj/rust-math#bc96d443f2f3259e2fa4c4a68dff53b59f3005fd"

[[package]]
name = "rust_parse"
version = "0.1.4"
source = "git+https://github.com/MwlLj/rust_parse#030e27331466a3fed8fba0f1eb5dd484ce917b68"

[[package]]
name = "transfer_client"
version = "0.1.0"
dependencies = [
 "number_conv 0.1.7 (git+https://github.com/MwlLj/rust-math)",
 "rust_parse 0.1.4 (git+https://github.com/MwlLj/rust_parse)",
]

[[package]]
name = "transfer_file"
version = "0.1.0"
dependencies = [
 "rust_parse 0.1.4 (git+https://github.com/MwlLj/rust_parse)",
 "transfer_client 0.1.0",
]

[metadata]
"checksum number_conv 0.1.7 (git+https://github.com/MwlLj/rust-math)" = "<none>"
"checksum rust_parse 0.1.4 (git+https://github.com/MwlLj/rust_parse)" = "<none>"
