# This file is automatically @generated by Cargo.
# It is not intended for manual editing.
[[package]]
name = "base_client"
version = "0.1.0"
dependencies = [
 "rust_parse 0.1.2 (git+https://github.com/MwlLj/rust_parse)",
 "transfer_client 0.1.0",
]

[[package]]
name = "number_conv"
version = "0.1.2"
source = "git+https://github.com/MwlLj/rust-math#8410dd3c2eff95b32f498806bd88ebcda922965c"

[[package]]
name = "rust_parse"
version = "0.1.2"
source = "git+https://github.com/MwlLj/rust_parse#9f54b9999413ee21c463545f108008c2d7c6e425"

[[package]]
name = "transfer_client"
version = "0.1.0"
dependencies = [
 "number_conv 0.1.2 (git+https://github.com/MwlLj/rust-math)",
 "rust_parse 0.1.2 (git+https://github.com/MwlLj/rust_parse)",
]

[metadata]
"checksum number_conv 0.1.2 (git+https://github.com/MwlLj/rust-math)" = "<none>"
"checksum rust_parse 0.1.2 (git+https://github.com/MwlLj/rust_parse)" = "<none>"
